
Microsoft Visual Studio Solution File, Format Version 12.00
# Visual Studio Version 16
VisualStudioVersion = 16.0.30717.126
MinimumVisualStudioVersion = 10.0.40219.1
Project("{FAE04EC0-301F-11D3-BF4B-00C04F79EFBC}") = "STDentalLibrary", "src\STDentalLibrary\STDentalLibrary.csproj", "{C4578D19-C790-4716-BF2A-4C941F8EA480}"
EndProject
Global
	GlobalSection(SolutionConfigurationPlatforms) = preSolution
		Debug|Any CPU = Debug|Any CPU
		Release|Any CPU = Release|Any CPU
	EndGlobalSection
	GlobalSection(ProjectConfigurationPlatforms) = postSolution
		{C4578D19-C790-4716-BF2A-4C941F8EA480}.Debug|Any CPU.ActiveCfg = Debug|Any CPU
		{C4578D19-C790-4716-BF2A-4C941F8EA480}.Debug|Any CPU.Build.0 = Debug|Any CPU
		{C4578D19-C790-4716-BF2A-4C941F8EA480}.Release|Any CPU.ActiveCfg = Release|Any CPU
		{C4578D19-C790-4716-BF2A-4C941F8EA480}.Release|Any CPU.Build.0 = Release|Any CPU
	EndGlobalSection
	GlobalSection(SolutionProperties) = preSolution
		HideSolutionNode = FALSE
	EndGlobalSection
	GlobalSection(ExtensibilityGlobals) = postSolution
		SolutionGuid = {12934180-52C7-49F9-859E-6F9AF3192928}
	EndGlobalSection
EndGlobal
